
Microsoft Visual Studio Solution File, Format Version 12.00
# Visual Studio Version 17
VisualStudioVersion = 17.6.33829.357
MinimumVisualStudioVersion = 10.0.40219.1
Project("{9A19103F-16F7-4668-BE54-9A1E7A4F7556}") = "Primenumber", "Basic Programs\Primenumber.csproj", "{5EFA6B0C-122F-4588-9147-2B78F4F6C2E5}"
EndProject
Project("{9A19103F-16F7-4668-BE54-9A1E7A4F7556}") = "Subarray", "ConsoleApp1\Subarray.csproj", "{F457070B-D842-4812-B0AA-F0BA3EE26F3C}"
EndProject
Project("{9A19103F-16F7-4668-BE54-9A1E7A4F7556}") = "BinarySearch", "BinarySearch\BinarySearch.csproj", "{CBCB7E9E-BDA6-404A-B9CD-736DAB635B0D}"
EndProject
Project("{9A19103F-16F7-4668-BE54-9A1E7A4F7556}") = "Factorial", "Factorial\Factorial.csproj", "{12D070F1-69A4-4AC3-B6AC-2E78A44B4278}"
EndProject
Project("{9A19103F-16F7-4668-BE54-9A1E7A4F7556}") = "Fibonacci", "Fibonacci\Fibonacci.csproj", "{725B83B2-FB2A-44E7-9B34-5694D96F9757}"
EndProject
Project("{9A19103F-16F7-4668-BE54-9A1E7A4F7556}") = "palindrome", "palindrome\palindrome.csproj", "{1CA1FC25-B258-4385-B606-61ADE8406E48}"
EndProject
Project("{9A19103F-16F7-4668-BE54-9A1E7A4F7556}") = "PerfectNumber", "PerfectNumber\PerfectNumber.csproj", "{26EFE93E-DC9F-4D87-977F-CE6830A521DD}"
EndProject
Project("{9A19103F-16F7-4668-BE54-9A1E7A4F7556}") = "Randomnumber", "Randomnumber\Randomnumber.csproj", "{082B2C29-6B67-4D6E-8510-52C1FA87A929}"
EndProject
Project("{9A19103F-16F7-4668-BE54-9A1E7A4F7556}") = "RemoveSpaces", "RemoveSpaces\RemoveSpaces.csproj", "{96EFA3AF-7AB1-4898-9096-180E9DB1AED9}"
EndProject
Project("{9A19103F-16F7-4668-BE54-9A1E7A4F7556}") = "RemoveElement", "RemoveElement\RemoveElement.csproj", "{B9D1BBED-DD27-4BFD-8775-F143D9E6B1B8}"
EndProject
Project("{9A19103F-16F7-4668-BE54-9A1E7A4F7556}") = "sum_of_distinct_array", "RepeatedElements\sum_of_distinct_array.csproj", "{0F6DB025-A2A7-455C-8E0E-AEA3BB9EF476}"
EndProject
Project("{9A19103F-16F7-4668-BE54-9A1E7A4F7556}") = "SecondLargestNumber", "SecondLargestNumber\SecondLargestNumber.csproj", "{FB2CA18C-365B-4123-8CD3-591F45D9CF94}"
EndProject
Project("{9A19103F-16F7-4668-BE54-9A1E7A4F7556}") = "SortElements", "SortElements\SortElements.csproj", "{2CE15E9E-376C-4ED0-B2C9-92A748DEA924}"
EndProject
Project("{9A19103F-16F7-4668-BE54-9A1E7A4F7556}") = "SumofArrayUsingDifferentWays", "SumofArrayUsingDifferentWays\SumofArrayUsingDifferentWays.csproj", "{5075BFA9-757D-4EB9-BE12-1483B844BDD2}"
EndProject
Project("{9A19103F-16F7-4668-BE54-9A1E7A4F7556}") = "ArmStrongNumber", "ArmStrongNumber\ArmStrongNumber.csproj", "{14539BA1-6568-4556-8CDB-633294A0AB06}"
EndProject
Project("{2150E333-8FDC-42A3-9474-1A3956D46DE8}") = "InterviewPracticequestions", "InterviewPracticequestions", "{BD854A4C-888E-4166-BC95-B5F386C8295E}"
EndProject
Project("{2150E333-8FDC-42A3-9474-1A3956D46DE8}") = "IPQStrings", "IPQStrings", "{522A9AA4-B1F5-4229-944A-817860A8005A}"
	ProjectSection(SolutionItems) = preProject
		Class1.cs = Class1.cs
	EndProjectSection
EndProject
Project("{9A19103F-16F7-4668-BE54-9A1E7A4F7556}") = "Anagrams", "Anagrams\Anagrams.csproj", "{19AB8D97-CFBF-49A2-B7E2-5123771F01D7}"
EndProject
Project("{9A19103F-16F7-4668-BE54-9A1E7A4F7556}") = "AnagramAnotherMethod", "AnagramAnotherMethod\AnagramAnotherMethod.csproj", "{989A0901-18AE-4933-9F82-D1EB8CB8FD74}"
EndProject
Project("{9A19103F-16F7-4668-BE54-9A1E7A4F7556}") = "PrintFirstNonRepeatedCharcter", "PrintFirstNonRepeatedCharcter\PrintFirstNonRepeatedCharcter.csproj", "{06F575CC-4173-47E9-9B1F-68D2813F9D56}"
EndProject
Project("{9A19103F-16F7-4668-BE54-9A1E7A4F7556}") = "RemoveDuplicates", "RemoveDuplicates\RemoveDuplicates.csproj", "{DE71AEC7-0D7E-4ABA-B8B7-ED9C90AB7AF6}"
EndProject
Project("{9A19103F-16F7-4668-BE54-9A1E7A4F7556}") = "ReverseOfaString", "ReverseOfaString\ReverseOfaString.csproj", "{021041B7-FC00-4E5B-AF41-63599E24C526}"
EndProject
Project("{9A19103F-16F7-4668-BE54-9A1E7A4F7556}") = "ReverseWord", "ReverseWord\ReverseWord.csproj", "{3875F31A-608E-4317-9C7D-675F6A2B066A}"
EndProject
Project("{9A19103F-16F7-4668-BE54-9A1E7A4F7556}") = "StringPalindrome", "StringPalindrome\StringPalindrome.csproj", "{DBBC9303-9C61-4D39-A70B-EA580A171244}"
EndProject
Project("{FAE04EC0-301F-11D3-BF4B-00C04F79EFBC}") = "OOPS", "OOPS\OOPS.csproj", "{B3005FF1-7955-4D5A-A8E0-9659C4738443}"
EndProject
Global
	GlobalSection(SolutionConfigurationPlatforms) = preSolution
		Debug|Any CPU = Debug|Any CPU
		Release|Any CPU = Release|Any CPU
	EndGlobalSection
	GlobalSection(ProjectConfigurationPlatforms) = postSolution
		{5EFA6B0C-122F-4588-9147-2B78F4F6C2E5}.Debug|Any CPU.ActiveCfg = Debug|Any CPU
		{5EFA6B0C-122F-4588-9147-2B78F4F6C2E5}.Debug|Any CPU.Build.0 = Debug|Any CPU
		{5EFA6B0C-122F-4588-9147-2B78F4F6C2E5}.Release|Any CPU.ActiveCfg = Release|Any CPU
		{5EFA6B0C-122F-4588-9147-2B78F4F6C2E5}.Release|Any CPU.Build.0 = Release|Any CPU
		{F457070B-D842-4812-B0AA-F0BA3EE26F3C}.Debug|Any CPU.ActiveCfg = Debug|Any CPU
		{F457070B-D842-4812-B0AA-F0BA3EE26F3C}.Debug|Any CPU.Build.0 = Debug|Any CPU
		{F457070B-D842-4812-B0AA-F0BA3EE26F3C}.Release|Any CPU.ActiveCfg = Release|Any CPU
		{F457070B-D842-4812-B0AA-F0BA3EE26F3C}.Release|Any CPU.Build.0 = Release|Any CPU
		{CBCB7E9E-BDA6-404A-B9CD-736DAB635B0D}.Debug|Any CPU.ActiveCfg = Debug|Any CPU
		{CBCB7E9E-BDA6-404A-B9CD-736DAB635B0D}.Debug|Any CPU.Build.0 = Debug|Any CPU
		{CBCB7E9E-BDA6-404A-B9CD-736DAB635B0D}.Release|Any CPU.ActiveCfg = Release|Any CPU
		{CBCB7E9E-BDA6-404A-B9CD-736DAB635B0D}.Release|Any CPU.Build.0 = Release|Any CPU
		{12D070F1-69A4-4AC3-B6AC-2E78A44B4278}.Debug|Any CPU.ActiveCfg = Debug|Any CPU
		{12D070F1-69A4-4AC3-B6AC-2E78A44B4278}.Debug|Any CPU.Build.0 = Debug|Any CPU
		{12D070F1-69A4-4AC3-B6AC-2E78A44B4278}.Release|Any CPU.ActiveCfg = Release|Any CPU
		{12D070F1-69A4-4AC3-B6AC-2E78A44B4278}.Release|Any CPU.Build.0 = Release|Any CPU
		{725B83B2-FB2A-44E7-9B34-5694D96F9757}.Debug|Any CPU.ActiveCfg = Debug|Any CPU
		{725B83B2-FB2A-44E7-9B34-5694D96F9757}.Debug|Any CPU.Build.0 = Debug|Any CPU
		{725B83B2-FB2A-44E7-9B34-5694D96F9757}.Release|Any CPU.ActiveCfg = Release|Any CPU
		{725B83B2-FB2A-44E7-9B34-5694D96F9757}.Release|Any CPU.Build.0 = Release|Any CPU
		{1CA1FC25-B258-4385-B606-61ADE8406E48}.Debug|Any CPU.ActiveCfg = Debug|Any CPU
		{1CA1FC25-B258-4385-B606-61ADE8406E48}.Debug|Any CPU.Build.0 = Debug|Any CPU
		{1CA1FC25-B258-4385-B606-61ADE8406E48}.Release|Any CPU.ActiveCfg = Release|Any CPU
		{1CA1FC25-B258-4385-B606-61ADE8406E48}.Release|Any CPU.Build.0 = Release|Any CPU
		{26EFE93E-DC9F-4D87-977F-CE6830A521DD}.Debug|Any CPU.ActiveCfg = Debug|Any CPU
		{26EFE93E-DC9F-4D87-977F-CE6830A521DD}.Debug|Any CPU.Build.0 = Debug|Any CPU
		{26EFE93E-DC9F-4D87-977F-CE6830A521DD}.Release|Any CPU.ActiveCfg = Release|Any CPU
		{26EFE93E-DC9F-4D87-977F-CE6830A521DD}.Release|Any CPU.Build.0 = Release|Any CPU
		{082B2C29-6B67-4D6E-8510-52C1FA87A929}.Debug|Any CPU.ActiveCfg = Debug|Any CPU
		{082B2C29-6B67-4D6E-8510-52C1FA87A929}.Debug|Any CPU.Build.0 = Debug|Any CPU
		{082B2C29-6B67-4D6E-8510-52C1FA87A929}.Release|Any CPU.ActiveCfg = Release|Any CPU
		{082B2C29-6B67-4D6E-8510-52C1FA87A929}.Release|Any CPU.Build.0 = Release|Any CPU
		{96EFA3AF-7AB1-4898-9096-180E9DB1AED9}.Debug|Any CPU.ActiveCfg = Debug|Any CPU
		{96EFA3AF-7AB1-4898-9096-180E9DB1AED9}.Debug|Any CPU.Build.0 = Debug|Any CPU
		{96EFA3AF-7AB1-4898-9096-180E9DB1AED9}.Release|Any CPU.ActiveCfg = Release|Any CPU
		{96EFA3AF-7AB1-4898-9096-180E9DB1AED9}.Release|Any CPU.Build.0 = Release|Any CPU
		{B9D1BBED-DD27-4BFD-8775-F143D9E6B1B8}.Debug|Any CPU.ActiveCfg = Debug|Any CPU
		{B9D1BBED-DD27-4BFD-8775-F143D9E6B1B8}.Debug|Any CPU.Build.0 = Debug|Any CPU
		{B9D1BBED-DD27-4BFD-8775-F143D9E6B1B8}.Release|Any CPU.ActiveCfg = Release|Any CPU
		{B9D1BBED-DD27-4BFD-8775-F143D9E6B1B8}.Release|Any CPU.Build.0 = Release|Any CPU
		{0F6DB025-A2A7-455C-8E0E-AEA3BB9EF476}.Debug|Any CPU.ActiveCfg = Debug|Any CPU
		{0F6DB025-A2A7-455C-8E0E-AEA3BB9EF476}.Debug|Any CPU.Build.0 = Debug|Any CPU
		{0F6DB025-A2A7-455C-8E0E-AEA3BB9EF476}.Release|Any CPU.ActiveCfg = Release|Any CPU
		{0F6DB025-A2A7-455C-8E0E-AEA3BB9EF476}.Release|Any CPU.Build.0 = Release|Any CPU
		{FB2CA18C-365B-4123-8CD3-591F45D9CF94}.Debug|Any CPU.ActiveCfg = Debug|Any CPU
		{FB2CA18C-365B-4123-8CD3-591F45D9CF94}.Debug|Any CPU.Build.0 = Debug|Any CPU
		{FB2CA18C-365B-4123-8CD3-591F45D9CF94}.Release|Any CPU.ActiveCfg = Release|Any CPU
		{FB2CA18C-365B-4123-8CD3-591F45D9CF94}.Release|Any CPU.Build.0 = Release|Any CPU
		{2CE15E9E-376C-4ED0-B2C9-92A748DEA924}.Debug|Any CPU.ActiveCfg = Debug|Any CPU
		{2CE15E9E-376C-4ED0-B2C9-92A748DEA924}.Debug|Any CPU.Build.0 = Debug|Any CPU
		{2CE15E9E-376C-4ED0-B2C9-92A748DEA924}.Release|Any CPU.ActiveCfg = Release|Any CPU
		{2CE15E9E-376C-4ED0-B2C9-92A748DEA924}.Release|Any CPU.Build.0 = Release|Any CPU
		{5075BFA9-757D-4EB9-BE12-1483B844BDD2}.Debug|Any CPU.ActiveCfg = Debug|Any CPU
		{5075BFA9-757D-4EB9-BE12-1483B844BDD2}.Debug|Any CPU.Build.0 = Debug|Any CPU
		{5075BFA9-757D-4EB9-BE12-1483B844BDD2}.Release|Any CPU.ActiveCfg = Release|Any CPU
		{5075BFA9-757D-4EB9-BE12-1483B844BDD2}.Release|Any CPU.Build.0 = Release|Any CPU
		{14539BA1-6568-4556-8CDB-633294A0AB06}.Debug|Any CPU.ActiveCfg = Debug|Any CPU
		{14539BA1-6568-4556-8CDB-633294A0AB06}.Debug|Any CPU.Build.0 = Debug|Any CPU
		{14539BA1-6568-4556-8CDB-633294A0AB06}.Release|Any CPU.ActiveCfg = Release|Any CPU
		{14539BA1-6568-4556-8CDB-633294A0AB06}.Release|Any CPU.Build.0 = Release|Any CPU
		{19AB8D97-CFBF-49A2-B7E2-5123771F01D7}.Debug|Any CPU.ActiveCfg = Debug|Any CPU
		{19AB8D97-CFBF-49A2-B7E2-5123771F01D7}.Debug|Any CPU.Build.0 = Debug|Any CPU
		{19AB8D97-CFBF-49A2-B7E2-5123771F01D7}.Release|Any CPU.ActiveCfg = Release|Any CPU
		{19AB8D97-CFBF-49A2-B7E2-5123771F01D7}.Release|Any CPU.Build.0 = Release|Any CPU
		{989A0901-18AE-4933-9F82-D1EB8CB8FD74}.Debug|Any CPU.ActiveCfg = Debug|Any CPU
		{989A0901-18AE-4933-9F82-D1EB8CB8FD74}.Debug|Any CPU.Build.0 = Debug|Any CPU
		{989A0901-18AE-4933-9F82-D1EB8CB8FD74}.Release|Any CPU.ActiveCfg = Release|Any CPU
		{989A0901-18AE-4933-9F82-D1EB8CB8FD74}.Release|Any CPU.Build.0 = Release|Any CPU
		{06F575CC-4173-47E9-9B1F-68D2813F9D56}.Debug|Any CPU.ActiveCfg = Debug|Any CPU
		{06F575CC-4173-47E9-9B1F-68D2813F9D56}.Debug|Any CPU.Build.0 = Debug|Any CPU
		{06F575CC-4173-47E9-9B1F-68D2813F9D56}.Release|Any CPU.ActiveCfg = Release|Any CPU
		{06F575CC-4173-47E9-9B1F-68D2813F9D56}.Release|Any CPU.Build.0 = Release|Any CPU
		{DE71AEC7-0D7E-4ABA-B8B7-ED9C90AB7AF6}.Debug|Any CPU.ActiveCfg = Debug|Any CPU
		{DE71AEC7-0D7E-4ABA-B8B7-ED9C90AB7AF6}.Debug|Any CPU.Build.0 = Debug|Any CPU
		{DE71AEC7-0D7E-4ABA-B8B7-ED9C90AB7AF6}.Release|Any CPU.ActiveCfg = Release|Any CPU
		{DE71AEC7-0D7E-4ABA-B8B7-ED9C90AB7AF6}.Release|Any CPU.Build.0 = Release|Any CPU
		{021041B7-FC00-4E5B-AF41-63599E24C526}.Debug|Any CPU.ActiveCfg = Debug|Any CPU
		{021041B7-FC00-4E5B-AF41-63599E24C526}.Debug|Any CPU.Build.0 = Debug|Any CPU
		{021041B7-FC00-4E5B-AF41-63599E24C526}.Release|Any CPU.ActiveCfg = Release|Any CPU
		{021041B7-FC00-4E5B-AF41-63599E24C526}.Release|Any CPU.Build.0 = Release|Any CPU
		{3875F31A-608E-4317-9C7D-675F6A2B066A}.Debug|Any CPU.ActiveCfg = Debug|Any CPU
		{3875F31A-608E-4317-9C7D-675F6A2B066A}.Debug|Any CPU.Build.0 = Debug|Any CPU
		{3875F31A-608E-4317-9C7D-675F6A2B066A}.Release|Any CPU.ActiveCfg = Release|Any CPU
		{3875F31A-608E-4317-9C7D-675F6A2B066A}.Release|Any CPU.Build.0 = Release|Any CPU
		{DBBC9303-9C61-4D39-A70B-EA580A171244}.Debug|Any CPU.ActiveCfg = Debug|Any CPU
		{DBBC9303-9C61-4D39-A70B-EA580A171244}.Debug|Any CPU.Build.0 = Debug|Any CPU
		{DBBC9303-9C61-4D39-A70B-EA580A171244}.Release|Any CPU.ActiveCfg = Release|Any CPU
		{DBBC9303-9C61-4D39-A70B-EA580A171244}.Release|Any CPU.Build.0 = Release|Any CPU
		{B3005FF1-7955-4D5A-A8E0-9659C4738443}.Debug|Any CPU.ActiveCfg = Debug|Any CPU
		{B3005FF1-7955-4D5A-A8E0-9659C4738443}.Debug|Any CPU.Build.0 = Debug|Any CPU
		{B3005FF1-7955-4D5A-A8E0-9659C4738443}.Release|Any CPU.ActiveCfg = Release|Any CPU
		{B3005FF1-7955-4D5A-A8E0-9659C4738443}.Release|Any CPU.Build.0 = Release|Any CPU
	EndGlobalSection
	GlobalSection(SolutionProperties) = preSolution
		HideSolutionNode = FALSE
	EndGlobalSection
	GlobalSection(NestedProjects) = preSolution
		{5EFA6B0C-122F-4588-9147-2B78F4F6C2E5} = {BD854A4C-888E-4166-BC95-B5F386C8295E}
		{F457070B-D842-4812-B0AA-F0BA3EE26F3C} = {BD854A4C-888E-4166-BC95-B5F386C8295E}
		{CBCB7E9E-BDA6-404A-B9CD-736DAB635B0D} = {BD854A4C-888E-4166-BC95-B5F386C8295E}
		{12D070F1-69A4-4AC3-B6AC-2E78A44B4278} = {BD854A4C-888E-4166-BC95-B5F386C8295E}
		{725B83B2-FB2A-44E7-9B34-5694D96F9757} = {BD854A4C-888E-4166-BC95-B5F386C8295E}
		{1CA1FC25-B258-4385-B606-61ADE8406E48} = {BD854A4C-888E-4166-BC95-B5F386C8295E}
		{26EFE93E-DC9F-4D87-977F-CE6830A521DD} = {BD854A4C-888E-4166-BC95-B5F386C8295E}
		{082B2C29-6B67-4D6E-8510-52C1FA87A929} = {BD854A4C-888E-4166-BC95-B5F386C8295E}
		{96EFA3AF-7AB1-4898-9096-180E9DB1AED9} = {BD854A4C-888E-4166-BC95-B5F386C8295E}
		{B9D1BBED-DD27-4BFD-8775-F143D9E6B1B8} = {BD854A4C-888E-4166-BC95-B5F386C8295E}
		{0F6DB025-A2A7-455C-8E0E-AEA3BB9EF476} = {BD854A4C-888E-4166-BC95-B5F386C8295E}
		{FB2CA18C-365B-4123-8CD3-591F45D9CF94} = {BD854A4C-888E-4166-BC95-B5F386C8295E}
		{2CE15E9E-376C-4ED0-B2C9-92A748DEA924} = {BD854A4C-888E-4166-BC95-B5F386C8295E}
		{5075BFA9-757D-4EB9-BE12-1483B844BDD2} = {BD854A4C-888E-4166-BC95-B5F386C8295E}
		{14539BA1-6568-4556-8CDB-633294A0AB06} = {BD854A4C-888E-4166-BC95-B5F386C8295E}
		{19AB8D97-CFBF-49A2-B7E2-5123771F01D7} = {522A9AA4-B1F5-4229-944A-817860A8005A}
		{989A0901-18AE-4933-9F82-D1EB8CB8FD74} = {522A9AA4-B1F5-4229-944A-817860A8005A}
		{06F575CC-4173-47E9-9B1F-68D2813F9D56} = {522A9AA4-B1F5-4229-944A-817860A8005A}
		{DE71AEC7-0D7E-4ABA-B8B7-ED9C90AB7AF6} = {522A9AA4-B1F5-4229-944A-817860A8005A}
		{021041B7-FC00-4E5B-AF41-63599E24C526} = {522A9AA4-B1F5-4229-944A-817860A8005A}
		{3875F31A-608E-4317-9C7D-675F6A2B066A} = {522A9AA4-B1F5-4229-944A-817860A8005A}
		{DBBC9303-9C61-4D39-A70B-EA580A171244} = {522A9AA4-B1F5-4229-944A-817860A8005A}
		{B3005FF1-7955-4D5A-A8E0-9659C4738443} = {BD854A4C-888E-4166-BC95-B5F386C8295E}
	EndGlobalSection
	GlobalSection(ExtensibilityGlobals) = postSolution
		SolutionGuid = {9F3F882B-5470-4728-BFCC-1918707565B8}
	EndGlobalSection
EndGlobal
